
Microsoft Visual Studio Solution File, Format Version 12.00
# Visual Studio Version 16
VisualStudioVersion = 16.0.31702.278
MinimumVisualStudioVersion = 10.0.40219.1
Project("{FAE04EC0-301F-11D3-BF4B-00C04F79EFBC}") = "Niles", "Niles\Niles.csproj", "{2D34EFE0-6A71-4B7F-AE3E-FC2C2DF58207}"
EndProject
Global
	GlobalSection(SolutionConfigurationPlatforms) = preSolution
		Debug|Any CPU = Debug|Any CPU
		Release|Any CPU = Release|Any CPU
	EndGlobalSection
	GlobalSection(ProjectConfigurationPlatforms) = postSolution
		{2D34EFE0-6A71-4B7F-AE3E-FC2C2DF58207}.Debug|Any CPU.ActiveCfg = Debug|Any CPU
		{2D34EFE0-6A71-4B7F-AE3E-FC2C2DF58207}.Debug|Any CPU.Build.0 = Debug|Any CPU
		{2D34EFE0-6A71-4B7F-AE3E-FC2C2DF58207}.Release|Any CPU.ActiveCfg = Release|Any CPU
		{2D34EFE0-6A71-4B7F-AE3E-FC2C2DF58207}.Release|Any CPU.Build.0 = Release|Any CPU
	EndGlobalSection
	GlobalSection(SolutionProperties) = preSolution
		HideSolutionNode = FALSE
	EndGlobalSection
	GlobalSection(ExtensibilityGlobals) = postSolution
		SolutionGuid = {DDD977FD-E993-4038-8E03-18314FD486B9}
	EndGlobalSection
EndGlobal
